github.com/Bayu200720/DTS-microservice v0.0.0-20201015034029-d427279c5e8b h1:J/TU9GKTCy0le4cDlBU4RA2NNdaak/spGXAnqZAxMxg=
github.com/gorilla/mux v1.8.0 h1:i40aqfkR1h2SlN9hojwV5ZA91wcXFOvkdNIeFDP5koI=
github.com/gorilla/mux v1.8.0/go.mod h1:DVbg23sWSpFRCP0SfiEN6jmj59UnW/n46BH5rLB71So=
github.com/jinzhu/inflection v1.0.0 h1:K317FqzuhWc8YvSVlFMCCUb36O/S9MCKRDI7QkRKD/E=
github.com/jinzhu/inflection v1.0.0/go.mod h1:h+uFLlag+Qp1Va5pdKtLDYj+kHp5pxUVkryuEj+Srlc=
github.com/jinzhu/now v1.1.1 h1:g39TucaRWyV3dwDO++eEc6qf8TVIQ/Da48WmqjZ3i7E=
github.com/jinzhu/now v1.1.1/go.mod h1:d3SSVoowX0Lcu0IBviAWJpolVfI5UJVZZ7cO71lE/z8=
github.com/wskurniawan/intro-microservice v0.0.0-20201014151129-446c914405db/go.mod h1:oFqKrAH8800Gb0i7pEIMcWlRdKv/nIUeeve0eVHllac=
github.com/wskurniawan/intro-microservice v0.0.0-20201014173535-d19509851baa h1:4YzUSyyHgPJ8a4lhbszdhyRS7BjkD91Z5ez1nMuG63w=
github.com/wskurniawan/intro-microservice v0.0.0-20201014173535-d19509851baa/go.mod h1:oFqKrAH8800Gb0i7pEIMcWlRdKv/nIUeeve0eVHllac=
github.com/wskurniawan/intro-microservice/auth v0.0.0-20201014173535-d19509851baa h1:b/wDebJqloQ5/ts1Auc6lOnhNO5QudY9UQfECmI5wag=
github.com/wskurniawan/intro-microservice/auth v0.0.0-20201014173535-d19509851baa/go.mod h1:XJFwwJD7IsTVOM7ZvCvJslLbDqpqX/3CeTN1K+pb7jE=
gorm.io/gorm v1.20.2 h1:bZzSEnq7NDGsrd+n3evOOedDrY5oLM5QPlCjZJUK2ro=
gorm.io/gorm v1.20.2/go.mod h1:0HFTzE/SqkGTzK6TlDPPQbAYCluiVvhzoA1+aVyzenw=
